Microsoft Visual Studio Solution File, Format Version 12.00
# Visual Studio Version 17
VisualStudioVersion = 17.5.2.0
MinimumVisualStudioVersion = 10.0.40219.1
Project("{FAE04EC0-301F-11D3-BF4B-00C04F79EFBC}") = "ThreeDee", "ThreeDee.csproj", "{AA2E1E8A-ED49-B9DB-A512-A1B75E5071A7}"
EndProject
Global
	GlobalSection(SolutionConfigurationPlatforms) = preSolution
		Debug|Any CPU = Debug|Any CPU
		Release|Any CPU = Release|Any CPU
	EndGlobalSection
	GlobalSection(ProjectConfigurationPlatforms) = postSolution
		{AA2E1E8A-ED49-B9DB-A512-A1B75E5071A7}.Debug|Any CPU.ActiveCfg = Debug|Any CPU
		{AA2E1E8A-ED49-B9DB-A512-A1B75E5071A7}.Debug|Any CPU.Build.0 = Debug|Any CPU
		{AA2E1E8A-ED49-B9DB-A512-A1B75E5071A7}.Release|Any CPU.ActiveCfg = Release|Any CPU
		{AA2E1E8A-ED49-B9DB-A512-A1B75E5071A7}.Release|Any CPU.Build.0 = Release|Any CPU
	EndGlobalSection
	GlobalSection(SolutionProperties) = preSolution
		HideSolutionNode = FALSE
	EndGlobalSection
	GlobalSection(ExtensibilityGlobals) = postSolution
		SolutionGuid = {ECCA5C51-F4FE-4230-B68B-52E48D590A3B}
	EndGlobalSection
EndGlobal
